
Microsoft Visual Studio Solution File, Format Version 12.00
# Visual Studio 15
VisualStudioVersion = 15.0.28307.757
MinimumVisualStudioVersion = 10.0.40219.1
Project("{FAE04EC0-301F-11D3-BF4B-00C04F79EFBC}") = "DancyWpf", "DancyWpf\DancyWpf.csproj", "{5AFEAED0-5C35-452D-82DE-7AC48C47B596}"
EndProject
Global
	GlobalSection(SolutionConfigurationPlatforms) = preSolution
		Debug|Any CPU = Debug|Any CPU
		Release|Any CPU = Release|Any CPU
	EndGlobalSection
	GlobalSection(ProjectConfigurationPlatforms) = postSolution
		{5AFEAED0-5C35-452D-82DE-7AC48C47B596}.Debug|Any CPU.ActiveCfg = Debug|Any CPU
		{5AFEAED0-5C35-452D-82DE-7AC48C47B596}.Debug|Any CPU.Build.0 = Debug|Any CPU
		{5AFEAED0-5C35-452D-82DE-7AC48C47B596}.Release|Any CPU.ActiveCfg = Release|Any CPU
		{5AFEAED0-5C35-452D-82DE-7AC48C47B596}.Release|Any CPU.Build.0 = Release|Any CPU
	EndGlobalSection
	GlobalSection(SolutionProperties) = preSolution
		HideSolutionNode = FALSE
	EndGlobalSection
	GlobalSection(ExtensibilityGlobals) = postSolution
		SolutionGuid = {62F56260-E679-40A1-B006-29B5F67A8C80}
	EndGlobalSection
EndGlobal
